
Microsoft Visual Studio Solution File, Format Version 12.00
# Visual Studio 2013
VisualStudioVersion = 12.0.31101.0
MinimumVisualStudioVersion = 10.0.40219.1
Project("{2150E333-8FDC-42A3-9474-1A3956D46DE8}") = "Database", "Database", "{E6F5563A-BA46-43CE-8CAD-D278A049BC42}"
EndProject
Project("{2150E333-8FDC-42A3-9474-1A3956D46DE8}") = "Models", "Models", "{E6549E1D-F926-4E84-A86C-D5C04C1858B3}"
EndProject
Project("{2150E333-8FDC-42A3-9474-1A3956D46DE8}") = "WebApis", "WebApis", "{676BDCC3-ABE1-4BB1-9BE5-180E2D915EFF}"
EndProject
Project("{2150E333-8FDC-42A3-9474-1A3956D46DE8}") = "UI", "UI", "{7C8AD436-B41F-46EF-851D-76464F40C1AC}"
EndProject
Project("{00D1A9C2-B5F0-4AF3-8072-F6C62B433612}") = "GoFiestaDB", "Database\GoFiestaDB\GoFiestaDB.sqlproj", "{8862AE43-1961-426D-BB73-A01FFFF40A91}"
EndProject
Global
	GlobalSection(SolutionConfigurationPlatforms) = preSolution
		Debug|Any CPU = Debug|Any CPU
		Release|Any CPU = Release|Any CPU
	EndGlobalSection
	GlobalSection(ProjectConfigurationPlatforms) = postSolution
		{8862AE43-1961-426D-BB73-A01FFFF40A91}.Debug|Any CPU.ActiveCfg = Debug|Any CPU
		{8862AE43-1961-426D-BB73-A01FFFF40A91}.Debug|Any CPU.Build.0 = Debug|Any CPU
		{8862AE43-1961-426D-BB73-A01FFFF40A91}.Debug|Any CPU.Deploy.0 = Debug|Any CPU
		{8862AE43-1961-426D-BB73-A01FFFF40A91}.Release|Any CPU.ActiveCfg = Release|Any CPU
		{8862AE43-1961-426D-BB73-A01FFFF40A91}.Release|Any CPU.Build.0 = Release|Any CPU
		{8862AE43-1961-426D-BB73-A01FFFF40A91}.Release|Any CPU.Deploy.0 = Release|Any CPU
	EndGlobalSection
	GlobalSection(SolutionProperties) = preSolution
		HideSolutionNode = FALSE
	EndGlobalSection
	GlobalSection(NestedProjects) = preSolution
		{8862AE43-1961-426D-BB73-A01FFFF40A91} = {E6F5563A-BA46-43CE-8CAD-D278A049BC42}
	EndGlobalSection
EndGlobal
